<?xml version="1.0" encoding="utf-8"?>
<Project ToolsVersion="4.0" xmlns="http://schemas.microsoft.com/developer/msbuild/2003">
  <ItemGroup>
    <Filter Include="headers">
      <UniqueIdentifier>{382d611c-b6f7-4670-9276-ce9c69cd77e8}</UniqueIdentifier>
      <Extensions>cpp;c;cxx;rc;def;r;odl;hpj;bat;for;f90</Extensions>
    </Filter>
    <Filter Include="httpd">
      <UniqueIdentifier>{7e70c484-6dfb-49e0-bed7-589bbea39976}</UniqueIdentifier>
    </Filter>
    <Filter Include="modules">
      <UniqueIdentifier>{46e5c646-94fd-449f-a400-ac0184cc4c2a}</UniqueIdentifier>
    </Filter>
    <Filter Include="util">
      <UniqueIdentifier>{08dc6d67-0c8e-4f98-a55c-19e42a5cf350}</UniqueIdentifier>
    </Filter>
    <Filter Include="mpm_winnt">
      <UniqueIdentifier>{1309c3d2-49e3-48ac-8850-827c45c30f1c}</UniqueIdentifier>
    </Filter>
    <Filter Include="Generated Files">
      <UniqueIdentifier>{c5d71b07-2d96-442e-a67a-3b2fe1635de1}</UniqueIdentifier>
    </Filter>
  </ItemGroup>
  <ItemGroup>
    <ClInclude Include="include\ap_compat.h">
      <Filter>headers</Filter>
    </ClInclude>
    <ClInclude Include="include\ap_config.h">
      <Filter>headers</Filter>
    </ClInclude>
    <ClInclude Include="include\ap_expr.h">
      <Filter>headers</Filter>
    </ClInclude>
    <ClInclude Include="include\ap_mmn.h">
      <Filter>headers</Filter>
    </ClInclude>
    <ClInclude Include="include\ap_release.h">
      <Filter>headers</Filter>
    </ClInclude>
    <ClInclude Include="include\http_config.h">
      <Filter>headers</Filter>
    </ClInclude>
    <ClInclude Include="include\http_connection.h">
      <Filter>headers</Filter>
    </ClInclude>
    <ClInclude Include="include\http_core.h">
      <Filter>headers</Filter>
    </ClInclude>
    <ClInclude Include="include\http_log.h">
      <Filter>headers</Filter>
    </ClInclude>
    <ClInclude Include="include\http_main.h">
      <Filter>headers</Filter>
    </ClInclude>
    <ClInclude Include="include\http_protocol.h">
      <Filter>headers</Filter>
    </ClInclude>
    <ClInclude Include="include\http_request.h">
      <Filter>headers</Filter>
    </ClInclude>
    <ClInclude Include="include\http_vhost.h">
      <Filter>headers</Filter>
    </ClInclude>
    <ClInclude Include="include\httpd.h">
      <Filter>headers</Filter>
    </ClInclude>
    <ClInclude Include="include\mod_core.h">
      <Filter>headers</Filter>
    </ClInclude>
    <ClInclude Include="server\test_char.h">
      <Filter>headers</Filter>
    </ClInclude>
    <ClInclude Include="include\ap_regex.h">
      <Filter>util</Filter>
    </ClInclude>
    <ClInclude Include="include\util_cfgtree.h">
      <Filter>util</Filter>
    </ClInclude>
    <ClInclude Include="include\util_charset.h">
      <Filter>util</Filter>
    </ClInclude>
    <ClInclude Include="server\util_cookies.h">
      <Filter>util</Filter>
    </ClInclude>
    <ClInclude Include="include\util_ebcdic.h">
      <Filter>util</Filter>
    </ClInclude>
    <ClInclude Include="server\util_expr_private.h">
      <Filter>util</Filter>
    </ClInclude>
    <ClInclude Include="server\util_expr_scan.h">
      <Filter>util</Filter>
    </ClInclude>
    <ClInclude Include="server\util_expr_parse.h">
      <Filter>util</Filter>
    </ClInclude>
    <ClInclude Include="include\util_fcgi.h">
      <Filter>util</Filter>
    </ClInclude>
    <ClInclude Include="include\util_filter.h">
      <Filter>util</Filter>
    </ClInclude>
    <ClInclude Include="include\util_md5.h">
      <Filter>util</Filter>
    </ClInclude>
    <ClInclude Include="include\util_mutex.h">
      <Filter>util</Filter>
    </ClInclude>
    <ClInclude Include="include\util_script.h">
      <Filter>util</Filter>
    </ClInclude>
    <ClInclude Include="include\util_varbuf.h">
      <Filter>util</Filter>
    </ClInclude>
    <ClInclude Include="include\util_xml.h">
      <Filter>util</Filter>
    </ClInclude>
    <ClInclude Include="include\ap_listen.h">
      <Filter>mpm_winnt</Filter>
    </ClInclude>
    <ClInclude Include="include\ap_regkey.h">
      <Filter>mpm_winnt</Filter>
    </ClInclude>
    <ClInclude Include="include\mpm_common.h">
      <Filter>mpm_winnt</Filter>
    </ClInclude>
    <ClInclude Include="server\mpm\winnt\mpm_default.h">
      <Filter>mpm_winnt</Filter>
    </ClInclude>
    <ClInclude Include="server\mpm\winnt\mpm_winnt.h">
      <Filter>mpm_winnt</Filter>
    </ClInclude>
    <ClInclude Include="include\scoreboard.h">
      <Filter>mpm_winnt</Filter>
    </ClInclude>
  </ItemGroup>
  <ItemGroup>
    <ClCompile Include="server\buildmark.c">
      <Filter>httpd</Filter>
    </ClCompile>
    <ClCompile Include="modules\http\byterange_filter.c">
      <Filter>httpd</Filter>
    </ClCompile>
    <ClCompile Include="modules\http\chunk_filter.c">
      <Filter>httpd</Filter>
    </ClCompile>
    <ClCompile Include="server\config.c">
      <Filter>httpd</Filter>
    </ClCompile>
    <ClCompile Include="server\connection.c">
      <Filter>httpd</Filter>
    </ClCompile>
    <ClCompile Include="server\core.c">
      <Filter>httpd</Filter>
    </ClCompile>
    <ClCompile Include="server\core_filters.c">
      <Filter>httpd</Filter>
    </ClCompile>
    <ClCompile Include="modules\http\http_core.c">
      <Filter>httpd</Filter>
    </ClCompile>
    <ClCompile Include="modules\http\http_etag.c">
      <Filter>httpd</Filter>
    </ClCompile>
    <ClCompile Include="modules\http\http_filters.c">
      <Filter>httpd</Filter>
    </ClCompile>
    <ClCompile Include="modules\http\http_protocol.c">
      <Filter>httpd</Filter>
    </ClCompile>
    <ClCompile Include="modules\http\http_request.c">
      <Filter>httpd</Filter>
    </ClCompile>
    <ClCompile Include="server\log.c">
      <Filter>httpd</Filter>
    </ClCompile>
    <ClCompile Include="server\protocol.c">
      <Filter>httpd</Filter>
    </ClCompile>
    <ClCompile Include="server\request.c">
      <Filter>httpd</Filter>
    </ClCompile>
    <ClCompile Include="server\vhost.c">
      <Filter>httpd</Filter>
    </ClCompile>
    <ClCompile Include="modules\core\mod_so.c">
      <Filter>modules</Filter>
    </ClCompile>
    <ClCompile Include="modules\arch\win32\mod_win32.c">
      <Filter>modules</Filter>
    </ClCompile>
    <ClCompile Include="os\win32\modules.c">
      <Filter>modules</Filter>
    </ClCompile>
    <ClCompile Include="server\eoc_bucket.c">
      <Filter>util</Filter>
    </ClCompile>
    <ClCompile Include="server\eor_bucket.c">
      <Filter>util</Filter>
    </ClCompile>
    <ClCompile Include="server\error_bucket.c">
      <Filter>util</Filter>
    </ClCompile>
    <ClCompile Include="server\util.c">
      <Filter>util</Filter>
    </ClCompile>
    <ClCompile Include="server\util_cfgtree.c">
      <Filter>util</Filter>
    </ClCompile>
    <ClCompile Include="server\util_cookies.c">
      <Filter>util</Filter>
    </ClCompile>
    <ClCompile Include="server\util_expr_eval.c">
      <Filter>util</Filter>
    </ClCompile>
    <ClCompile Include="server\util_expr_scan.c">
      <Filter>util</Filter>
    </ClCompile>
    <ClCompile Include="server\util_expr_parse.c">
      <Filter>util</Filter>
    </ClCompile>
    <ClCompile Include="server\util_fcgi.c">
      <Filter>util</Filter>
    </ClCompile>
    <ClCompile Include="server\util_filter.c">
      <Filter>util</Filter>
    </ClCompile>
    <ClCompile Include="server\util_md5.c">
      <Filter>util</Filter>
    </ClCompile>
    <ClCompile Include="server\util_mutex.c">
      <Filter>util</Filter>
    </ClCompile>
    <ClCompile Include="server\util_pcre.c">
      <Filter>util</Filter>
    </ClCompile>
    <ClCompile Include="server\util_regex.c">
      <Filter>util</Filter>
    </ClCompile>
    <ClCompile Include="server\util_script.c">
      <Filter>util</Filter>
    </ClCompile>
    <ClCompile Include="server\util_time.c">
      <Filter>util</Filter>
    </ClCompile>
    <ClCompile Include="os\win32\util_win32.c">
      <Filter>util</Filter>
    </ClCompile>
    <ClCompile Include="server\util_xml.c">
      <Filter>util</Filter>
    </ClCompile>
    <ClCompile Include="os\win32\ap_regkey.c">
      <Filter>mpm_winnt</Filter>
    </ClCompile>
    <ClCompile Include="server\mpm\winnt\child.c">
      <Filter>mpm_winnt</Filter>
    </ClCompile>
    <ClCompile Include="server\listen.c">
      <Filter>mpm_winnt</Filter>
    </ClCompile>
    <ClCompile Include="server\mpm_common.c">
      <Filter>mpm_winnt</Filter>
    </ClCompile>
    <ClCompile Include="server\mpm\winnt\mpm_winnt.c">
      <Filter>mpm_winnt</Filter>
    </ClCompile>
    <ClCompile Include="server\mpm\winnt\nt_eventlog.c">
      <Filter>mpm_winnt</Filter>
    </ClCompile>
    <ClCompile Include="server\provider.c">
      <Filter>mpm_winnt</Filter>
    </ClCompile>
    <ClCompile Include="server\scoreboard.c">
      <Filter>mpm_winnt</Filter>
    </ClCompile>
    <ClCompile Include="server\mpm\winnt\service.c">
      <Filter>mpm_winnt</Filter>
    </ClCompile>
  </ItemGroup>
  <ItemGroup>
    <ResourceCompile Include="build\win32\httpd.rc">
      <Filter>headers</Filter>
    </ResourceCompile>
  </ItemGroup>
  <ItemGroup>
    <CustomBuild Include="os\win32\win32_config_layout.h">
      <Filter>headers</Filter>
    </CustomBuild>
    <CustomBuild Include="modules\generators\mod_cgi.h">
      <Filter>headers</Filter>
    </CustomBuild>
    <CustomBuild Include="modules\dav\main\mod_dav.h">
      <Filter>headers</Filter>
    </CustomBuild>
    <CustomBuild Include="modules\filters\mod_include.h">
      <Filter>headers</Filter>
    </CustomBuild>
    <CustomBuild Include="modules\proxy\mod_proxy.h">
      <Filter>headers</Filter>
    </CustomBuild>
    <CustomBuild Include="modules\core\mod_so.h">
      <Filter>headers</Filter>
    </CustomBuild>
    <CustomBuild Include="os\win32\os.h">
      <Filter>headers</Filter>
    </CustomBuild>
    <CustomBuild Include="server\gen_test_char.exe" />
    <CustomBuild Include="server\util_expr_parse.y">
      <Filter>Generated Files</Filter>
    </CustomBuild>
    <CustomBuild Include="server\util_expr_scan.l">
      <Filter>Generated Files</Filter>
    </CustomBuild>
  </ItemGroup>
</Project>