<?xml version="1.0" encoding="utf-8"?>
<Project ToolsVersion="4.0" xmlns="http://schemas.microsoft.com/developer/msbuild/2003">
  <ItemGroup>
    <Filter Include="Source Files">
      <UniqueIdentifier>{ae832201-9f17-42b6-85b9-9fc95180585f}</UniqueIdentifier>
    </Filter>
    <Filter Include="Header Files">
      <UniqueIdentifier>{3e9b174d-830c-4c5d-bfdb-23b042b0d898}</UniqueIdentifier>
      <Extensions>h;hw</Extensions>
    </Filter>
  </ItemGroup>
  <ItemGroup>
    <ClCompile Include="dftables.c">
      <Filter>Source Files</Filter>
    </ClCompile>
    <ClCompile Include="maketables.c">
      <Filter>Header Files</Filter>
    </ClCompile>
  </ItemGroup>
  <ItemGroup>
    <ClInclude Include="internal.h">
      <Filter>Header Files</Filter>
    </ClInclude>
  </ItemGroup>
  <ItemGroup>
    <CustomBuild Include="config.hw">
      <Filter>Header Files</Filter>
    </CustomBuild>
    <CustomBuild Include="pcre.hw">
      <Filter>Header Files</Filter>
    </CustomBuild>
  </ItemGroup>
</Project>