<?xml version="1.0" encoding="utf-8"?>
<Project ToolsVersion="4.0" xmlns="http://schemas.microsoft.com/developer/msbuild/2003">
  <ItemGroup>
    <Filter Include="Source Files">
      <UniqueIdentifier>{1fa5ef71-b910-4f02-8938-87c7d9871f4d}</UniqueIdentifier>
      <Extensions>cpp;c;cxx;rc;def;r;odl;hpj;bat;for;f90</Extensions>
    </Filter>
    <Filter Include="Header Files">
      <UniqueIdentifier>{84e359b6-4b9b-467f-9add-2e5ff615e97e}</UniqueIdentifier>
      <Extensions>.h</Extensions>
    </Filter>
    <Filter Include="Ajp Files">
      <UniqueIdentifier>{0dbc26f6-732e-4492-b97d-63c6c5febc43}</UniqueIdentifier>
    </Filter>
  </ItemGroup>
  <ItemGroup>
    <ClCompile Include="mod_proxy_ajp.c">
      <Filter>Source Files</Filter>
    </ClCompile>
    <ClCompile Include="ajp_header.c">
      <Filter>Ajp Files</Filter>
    </ClCompile>
    <ClCompile Include="ajp_link.c">
      <Filter>Ajp Files</Filter>
    </ClCompile>
    <ClCompile Include="ajp_msg.c">
      <Filter>Ajp Files</Filter>
    </ClCompile>
    <ClCompile Include="ajp_utils.c">
      <Filter>Ajp Files</Filter>
    </ClCompile>
  </ItemGroup>
  <ItemGroup>
    <ClInclude Include="mod_proxy.h">
      <Filter>Header Files</Filter>
    </ClInclude>
    <ClInclude Include="ajp.h">
      <Filter>Ajp Files</Filter>
    </ClInclude>
    <ClInclude Include="ajp_header.h">
      <Filter>Ajp Files</Filter>
    </ClInclude>
  </ItemGroup>
  <ItemGroup>
    <ResourceCompile Include="..\..\build\win32\httpd.rc">
      <Filter>Source Files</Filter>
    </ResourceCompile>
  </ItemGroup>
</Project>